// !$*UTF8*$!
{
	archiveVersion = 1;
	classes = {
	};
	objectVersion = 46;
	objects = {

/* Begin PBXBuildFile section */
		28B284441D10661600D2EEAF /* AppDelegate.swift in Sources */ = {isa = PBXBuildFile; fileRef = 28B284431D10661600D2EEAF /* AppDelegate.swift */; };
		28B284461D10661600D2EEAF /* ViewController.swift in Sources */ = {isa = PBXBuildFile; fileRef = 28B284451D10661600D2EEAF /* ViewController.swift */; };
		28B284491D10661600D2EEAF /* Main.storyboard in Resources */ = {isa = PBXBuildFile; fileRef = 28B284471D10661600D2EEAF /* Main.storyboard */; };
		28B2844B1D10661600D2EEAF /* Assets.xcassets in Resources */ = {isa = PBXBuildFile; fileRef = 28B2844A1D10661600D2EEAF /* Assets.xcassets */; };
		28B2844E1D10661600D2EEAF /* LaunchScreen.storyboard in Resources */ = {isa = PBXBuildFile; fileRef = 28B2844C1D10661600D2EEAF /* LaunchScreen.storyboard */; };
/* End PBXBuildFile section */

/* Begin PBXFileReference section */
		28B284401D10661600D2EEAF /* AppleViewControllers.app */ = {isa = PBXFileReference; explicitFileType = wrapper.application; includeInIndex = 0; path = AppleViewControllers.app; sourceTree = BUILT_PRODUCTS_DIR; };
		28B284431D10661600D2EEAF /* AppDelegate.swift */ = {isa = PBXFileReference; lastKnownFileType = sourcecode.swift; path = AppDelegate.swift; sourceTree = "<group>"; };
		28B284451D10661600D2EEAF /* ViewController.swift */ = {isa = PBXFileReference; lastKnownFileType = sourcecode.swift; path = ViewController.swift; sourceTree = "<group>"; };
		28B284481D10661600D2EEAF /* Base */ = {isa = PBXFileReference; lastKnownFileType = file.storyboard; name = Base; path = Base.lproj/Main.storyboard; sourceTree = "<group>"; };
		28B2844A1D10661600D2EEAF /* Assets.xcassets */ = {isa = PBXFileReference; lastKnownFileType = folder.assetcatalog; path = Assets.xcassets; sourceTree = "<group>"; };
		28B2844D1D10661600D2EEAF /* Base */ = {isa = PBXFileReference; lastKnownFileType = file.storyboard; name = Base; path = Base.lproj/LaunchScreen.storyboard; sourceTree = "<group>"; };
		28B2844F1D10661600D2EEAF /* Info.plist */ = {isa = PBXFileReference; lastKnownFileType = text.plist.xml; path = Info.plist; sourceTree = "<group>"; };
/* End PBXFileReference section */

/* Begin PBXFrameworksBuildPhase section */
		28B2843D1D10661600D2EEAF /* Frameworks */ = {
			isa = PBXFrameworksBuildPhase;
			buildActionMask = 2147483647;
			files = (
			);
			runOnlyForDeploymentPostprocessing = 0;
		};
/* End PBXFrameworksBuildPhase section */

/* Begin PBXGroup section */
		28B284371D10661600D2EEAF = {
			isa = PBXGroup;
			children = (
				28B284421D10661600D2EEAF /* AppleViewControllers */,
				28B284411D10661600D2EEAF /* Products */,
			);
			sourceTree = "<group>";
		};
		28B284411D10661600D2EEAF /* Products */ = {
			isa = PBXGroup;
			children = (
				28B284401D10661600D2EEAF /* AppleViewControllers.app */,
			);
			name = Products;
			sourceTree = "<group>";
		};
		28B284421D10661600D2EEAF /* AppleViewControllers */ = {
			isa = PBXGroup;
			children = (
				28B284431D10661600D2EEAF /* AppDelegate.swift */,
				28B284451D10661600D2EEAF /* ViewController.swift */,
				28B284471D10661600D2EEAF /* Main.storyboard */,
				28B2844A1D10661600D2EEAF /* Assets.xcassets */,
				28B2844C1D10661600D2EEAF /* LaunchScreen.storyboard */,
				28B2844F1D10661600D2EEAF /* Info.plist */,
			);
			path = AppleViewControllers;
			sourceTree = "<group>";
		};
/* End PBXGroup section */

/* Begin PBXNativeTarget section */
		28B2843F1D10661600D2EEAF /* AppleViewControllers */ = {
			isa = PBXNativeTarget;
			buildConfigurationList = 28B284521D10661600D2EEAF /* Build configuration list for PBXNativeTarget "AppleViewControllers" */;
			buildPhases = (
				28B2843C1D10661600D2EEAF /* Sources */,
				28B2843D1D10661600D2EEAF /* Frameworks */,
				28B2843E1D10661600D2EEAF /* Resources */,
			);
			buildRules = (
			);
			dependencies = (
			);
			name = AppleViewControllers;
			productName = AppleViewControllers;
			productReference = 28B284401D10661600D2EEAF /* AppleViewControllers.app */;
			productType = "com.apple.product-type.application";
		};
/* End PBXNativeTarget section */

/* Begin PBXProject section */
		28B284381D10661600D2EEAF /* Project object */ = {
			isa = PBXProject;
			attributes = {
				LastSwiftUpdateCheck = 0730;
				LastUpgradeCheck = 0730;
				ORGANIZATIONNAME = littleJohns;
				TargetAttributes = {
					28B2843F1D10661600D2EEAF = {
						CreatedOnToolsVersion = 7.3.1;
					};
				};
			};
			buildConfigurationList = 28B2843B1D10661600D2EEAF /* Build configuration list for PBXProject "AppleViewControllers" */;
			compatibilityVersion = "Xcode 3.2";
			developmentRegion = English;
			hasScannedForEncodings = 0;
			knownRegions = (
				en,
				Base,
			);
			mainGroup = 28B284371D10661600D2EEAF;
			productRefGroup = 28B284411D10661600D2EEAF /* Products */;
			projectDirPath = "";
			projectRoot = "";
			targets = (
				28B2843F1D10661600D2EEAF /* AppleViewControllers */,
			);
		};
/* End PBXProject section */

/* Begin PBXResourcesBuildPhase section */
		28B2843E1D10661600D2EEAF /* Resources */ = {
			isa = PBXResourcesBuildPhase;
			buildActionMask = 2147483647;
			files = (
				28B2844E1D10661600D2EEAF /* LaunchScreen.storyboard in Resources */,
				28B2844B1D10661600D2EEAF /* Assets.xcassets in Resources */,
				28B284491D10661600D2EEAF /* Main.storyboard in Resources */,
			);
			runOnlyForDeploymentPostprocessing = 0;
		};
/* End PBXResourcesBuildPhase section */

/* Begin PBXSourcesBuildPhase section */
		28B2843C1D10661600D2EEAF /* Sources */ = {
			isa = PBXSourcesBuildPhase;
			buildActionMask = 2147483647;
			files = (
				28B284461D10661600D2EEAF /* ViewController.swift in Sources */,
				28B284441D10661600D2EEAF /* AppDelegate.swift in Sources */,
			);
			runOnlyForDeploymentPostprocessing = 0;
		};
/* End PBXSourcesBuildPhase section */

/* Begin PBXVariantGroup section */
		28B284471D10661600D2EEAF /* Main.storyboard */ = {
			isa = PBXVariantGroup;
			children = (
				28B284481D10661600D2EEAF /* Base */,
			);
			name = Main.storyboard;
			sourceTree = "<group>";
		};
		28B2844C1D10661600D2EEAF /* LaunchScreen.storyboard */ = {
			isa = PBXVariantGroup;
			children = (
				28B2844D1D10661600D2EEAF /* Base */,
			);
			name = LaunchScreen.storyboard;
			sourceTree = "<group>";
		};
/* End PBXVariantGroup section */

/* Begin XCBuildConfiguration section */
		28B284501D10661600D2EEAF /* Debug */ = {
			isa = XCBuildConfiguration;
			buildSettings = {
				ALWAYS_SEARCH_USER_PATHS = NO;
				CLANG_ANALYZER_NONNULL = YES;
				CLANG_CXX_LANGUAGE_STANDARD = "gnu++0x";
				CLANG_CXX_LIBRARY = "libc++";
				CLANG_ENABLE_MODULES = YES;
				CLANG_ENABLE_OBJC_ARC = YES;
				CLANG_WARN_BOOL_CONVERSION = YES;
				CLANG_WARN_CONSTANT_CONVERSION = YES;
				CLANG_WARN_DIRECT_OBJC_ISA_USAGE = YES_ERROR;
				CLANG_WARN_EMPTY_BODY = YES;
				CLANG_WARN_ENUM_CONVERSION = YES;
				CLANG_WARN_INT_CONVERSION = YES;
				CLANG_WARN_OBJC_ROOT_CLASS = YES_ERROR;
				CLANG_WARN_UNREACHABLE_CODE = YES;
				CLANG_WARN__DUPLICATE_METHOD_MATCH = YES;
				"CODE_SIGN_IDENTITY[sdk=iphoneos*]" = "iPhone Developer";
				COPY_PHASE_STRIP = NO;
				DEBUG_INFORMATION_FORMAT = dwarf;
				ENABLE_STRICT_OBJC_MSGSEND = YES;
				ENABLE_TESTABILITY = YES;
				GCC_C_LANGUAGE_STANDARD = gnu99;
				GCC_DYNAMIC_NO_PIC = NO;
				GCC_NO_COMMON_BLOCKS = YES;
				GCC_OPTIMIZATION_LEVEL = 0;
				GCC_PREPROCESSOR_DEFINITIONS = (
					"DEBUG=1",
					"$(inherited)",
				);
				GCC_WARN_64_TO_32_BIT_CONVERSION = YES;
				GCC_WARN_ABOUT_RETURN_TYPE = YES_ERROR;
				GCC_WARN_UNDECLARED_SELECTOR = YES;
				GCC_WARN_UNINITIALIZED_AUTOS = YES_AGGRESSIVE;
				GCC_WARN_UNUSED_FUNCTION = YES;
				GCC_WARN_UNUSED_VARIABLE = YES;
				IPHONEOS_DEPLOYMENT_TARGET = 9.3;
				MTL_ENABLE_DEBUG_INFO = YES;
				ONLY_ACTIVE_ARCH = YES;
				SDKROOT = iphoneos;
				SWIFT_OPTIMIZATION_LEVEL = "-Onone";
			};
			name = Debug;
		};
		28B284511D10661600D2EEAF /* Release */ = {
			isa = XCBuildConfiguration;
			buildSettings = {
				ALWAYS_SEARCH_USER_PATHS = NO;
				CLANG_ANALYZER_NONNULL = YES;
				CLANG_CXX_LANGUAGE_STANDARD = "gnu++0x";
				CLANG_CXX_LIBRARY = "libc++";
				CLANG_ENABLE_MODULES = YES;
				CLANG_ENABLE_OBJC_ARC = YES;
				CLANG_WARN_BOOL_CONVERSION = YES;
				CLANG_WARN_CONSTANT_CONVERSION = YES;
				CLANG_WARN_DIRECT_OBJC_ISA_USAGE = YES_ERROR;
				CLANG_WARN_EMPTY_BODY = YES;
				CLANG_WARN_ENUM_CONVERSION = YES;
				CLANG_WARN_INT_CONVERSION = YES;
				CLANG_WARN_OBJC_ROOT_CLASS = YES_ERROR;
				CLANG_WARN_UNREACHABLE_CODE = YES;
				CLANG_WARN__DUPLICATE_METHOD_MATCH = YES;
				"CODE_SIGN_IDENTITY[sdk=iphoneos*]" = "iPhone Developer";
				COPY_PHASE_STRIP = NO;
				DEBUG_INFORMATION_FORMAT = "dwarf-with-dsym";
				ENABLE_NS_ASSERTIONS = NO;
				ENABLE_STRICT_OBJC_MSGSEND = YES;
				GCC_C_LANGUAGE_STANDARD = gnu99;
				GCC_NO_COMMON_BLOCKS = YES;
				GCC_WARN_64_TO_32_BIT_CONVERSION = YES;
				GCC_WARN_ABOUT_RETURN_TYPE = YES_ERROR;
				GCC_WARN_UNDECLARED_SELECTOR = YES;
				GCC_WARN_UNINITIALIZED_AUTOS = YES_AGGRESSIVE;
				GCC_WARN_UNUSED_FUNCTION = YES;
				GCC_WARN_UNUSED_VARIABLE = YES;
				IPHONEOS_DEPLOYMENT_TARGET = 9.3;
				MTL_ENABLE_DEBUG_INFO = NO;
				SDKROOT = iphoneos;
				VALIDATE_PRODUCT = YES;
			};
			name = Release;
		};
		28B284531D10661600D2EEAF /* Debug */ = {
			isa = XCBuildConfiguration;
			buildSettings = {
				ASSETCATALOG_COMPILER_APPICON_NAME = AppIcon;
				CODE_SIGN_IDENTITY = "iPhone Developer";
				INFOPLIST_FILE = AppleViewControllers/Info.plist;
				LD_RUNPATH_SEARCH_PATHS = "$(inherited) @executable_path/Frameworks";
				PRODUCT_BUNDLE_IDENTIFIER = com.habib.AppleViewControllers;
				PRODUCT_NAME = "$(TARGET_NAME)";
				TARGETED_DEVICE_FAMILY = "1,2";
			};
			name = Debug;
		};
		28B284541D10661600D2EEAF /* Release */ = {
			isa = XCBuildConfiguration;
			buildSettings = {
				ASSETCATALOG_COMPILER_APPICON_NAME = AppIcon;
				CODE_SIGN_IDENTITY = "iPhone Developer";
				INFOPLIST_FILE = AppleViewControllers/Info.plist;
				LD_RUNPATH_SEARCH_PATHS = "$(inherited) @executable_path/Frameworks";
				PRODUCT_BUNDLE_IDENTIFIER = com.habib.AppleViewControllers;
				PRODUCT_NAME = "$(TARGET_NAME)";
				TARGETED_DEVICE_FAMILY = "1,2";
			};
			name = Release;
		};
/* End XCBuildConfiguration section */

/* Begin XCConfigurationList section */
		28B2843B1D10661600D2EEAF /* Build configuration list for PBXProject "AppleViewControllers" */ = {
			isa = XCConfigurationList;
			buildConfigurations = (
				28B284501D10661600D2EEAF /* Debug */,
				28B284511D10661600D2EEAF /* Release */,
			);
			defaultConfigurationIsVisible = 0;
			defaultConfigurationName = Release;
		};
		28B284521D10661600D2EEAF /* Build configuration list for PBXNativeTarget "AppleViewControllers" */ = {
			isa = XCConfigurationList;
			buildConfigurations = (
				28B284531D10661600D2EEAF /* Debug */,
				28B284541D10661600D2EEAF /* Release */,
			);
			defaultConfigurationIsVisible = 0;
		};
/* End XCConfigurationList section */
	};
	rootObject = 28B284381D10661600D2EEAF /* Project object */;
}
