// !$*UTF8*$!
{
	archiveVersion = 1;
	classes = {
	};
	objectVersion = 46;
	objects = {

/* Begin PBXBuildFile section */
		28B284621D107F3D00D2EEAF /* AppDelegate.swift in Sources */ = {isa = PBXBuildFile; fileRef = 28B284611D107F3D00D2EEAF /* AppDelegate.swift */; };
		28B284671D107F3D00D2EEAF /* Main.storyboard in Resources */ = {isa = PBXBuildFile; fileRef = 28B284651D107F3D00D2EEAF /* Main.storyboard */; };
		28B284691D107F3D00D2EEAF /* Assets.xcassets in Resources */ = {isa = PBXBuildFile; fileRef = 28B284681D107F3D00D2EEAF /* Assets.xcassets */; };
		28B2846C1D107F3D00D2EEAF /* LaunchScreen.storyboard in Resources */ = {isa = PBXBuildFile; fileRef = 28B2846A1D107F3D00D2EEAF /* LaunchScreen.storyboard */; };
		28B284741D1080A200D2EEAF /* ImageCollectionViewController.swift in Sources */ = {isa = PBXBuildFile; fileRef = 28B284731D1080A200D2EEAF /* ImageCollectionViewController.swift */; };
		28B284761D10813100D2EEAF /* imageCollectionViewCell.swift in Sources */ = {isa = PBXBuildFile; fileRef = 28B284751D10813100D2EEAF /* imageCollectionViewCell.swift */; };
/* End PBXBuildFile section */

/* Begin PBXFileReference section */
		28B2845E1D107F3D00D2EEAF /* CollectionViews.app */ = {isa = PBXFileReference; explicitFileType = wrapper.application; includeInIndex = 0; path = CollectionViews.app; sourceTree = BUILT_PRODUCTS_DIR; };
		28B284611D107F3D00D2EEAF /* AppDelegate.swift */ = {isa = PBXFileReference; lastKnownFileType = sourcecode.swift; path = AppDelegate.swift; sourceTree = "<group>"; };
		28B284661D107F3D00D2EEAF /* Base */ = {isa = PBXFileReference; lastKnownFileType = file.storyboard; name = Base; path = Base.lproj/Main.storyboard; sourceTree = "<group>"; };
		28B284681D107F3D00D2EEAF /* Assets.xcassets */ = {isa = PBXFileReference; lastKnownFileType = folder.assetcatalog; path = Assets.xcassets; sourceTree = "<group>"; };
		28B2846B1D107F3D00D2EEAF /* Base */ = {isa = PBXFileReference; lastKnownFileType = file.storyboard; name = Base; path = Base.lproj/LaunchScreen.storyboard; sourceTree = "<group>"; };
		28B2846D1D107F3D00D2EEAF /* Info.plist */ = {isa = PBXFileReference; lastKnownFileType = text.plist.xml; path = Info.plist; sourceTree = "<group>"; };
		28B284731D1080A200D2EEAF /* ImageCollectionViewController.swift */ = {isa = PBXFileReference; fileEncoding = 4; lastKnownFileType = sourcecode.swift; path = ImageCollectionViewController.swift; sourceTree = "<group>"; };
		28B284751D10813100D2EEAF /* imageCollectionViewCell.swift */ = {isa = PBXFileReference; fileEncoding = 4; lastKnownFileType = sourcecode.swift; path = imageCollectionViewCell.swift; sourceTree = "<group>"; };
/* End PBXFileReference section */

/* Begin PBXFrameworksBuildPhase section */
		28B2845B1D107F3D00D2EEAF /* Frameworks */ = {
			isa = PBXFrameworksBuildPhase;
			buildActionMask = 2147483647;
			files = (
			);
			runOnlyForDeploymentPostprocessing = 0;
		};
/* End PBXFrameworksBuildPhase section */

/* Begin PBXGroup section */
		28B284551D107F3D00D2EEAF = {
			isa = PBXGroup;
			children = (
				28B284601D107F3D00D2EEAF /* CollectionViews */,
				28B2845F1D107F3D00D2EEAF /* Products */,
			);
			sourceTree = "<group>";
		};
		28B2845F1D107F3D00D2EEAF /* Products */ = {
			isa = PBXGroup;
			children = (
				28B2845E1D107F3D00D2EEAF /* CollectionViews.app */,
			);
			name = Products;
			sourceTree = "<group>";
		};
		28B284601D107F3D00D2EEAF /* CollectionViews */ = {
			isa = PBXGroup;
			children = (
				28B284611D107F3D00D2EEAF /* AppDelegate.swift */,
				28B284651D107F3D00D2EEAF /* Main.storyboard */,
				28B284751D10813100D2EEAF /* imageCollectionViewCell.swift */,
				28B284731D1080A200D2EEAF /* ImageCollectionViewController.swift */,
				28B284681D107F3D00D2EEAF /* Assets.xcassets */,
				28B2846A1D107F3D00D2EEAF /* LaunchScreen.storyboard */,
				28B2846D1D107F3D00D2EEAF /* Info.plist */,
			);
			path = CollectionViews;
			sourceTree = "<group>";
		};
/* End PBXGroup section */

/* Begin PBXNativeTarget section */
		28B2845D1D107F3D00D2EEAF /* CollectionViews */ = {
			isa = PBXNativeTarget;
			buildConfigurationList = 28B284701D107F3D00D2EEAF /* Build configuration list for PBXNativeTarget "CollectionViews" */;
			buildPhases = (
				28B2845A1D107F3D00D2EEAF /* Sources */,
				28B2845B1D107F3D00D2EEAF /* Frameworks */,
				28B2845C1D107F3D00D2EEAF /* Resources */,
			);
			buildRules = (
			);
			dependencies = (
			);
			name = CollectionViews;
			productName = CollectionViews;
			productReference = 28B2845E1D107F3D00D2EEAF /* CollectionViews.app */;
			productType = "com.apple.product-type.application";
		};
/* End PBXNativeTarget section */

/* Begin PBXProject section */
		28B284561D107F3D00D2EEAF /* Project object */ = {
			isa = PBXProject;
			attributes = {
				LastSwiftUpdateCheck = 0730;
				LastUpgradeCheck = 0730;
				ORGANIZATIONNAME = littleJohns;
				TargetAttributes = {
					28B2845D1D107F3D00D2EEAF = {
						CreatedOnToolsVersion = 7.3.1;
						DevelopmentTeam = BQF3GEL447;
					};
				};
			};
			buildConfigurationList = 28B284591D107F3D00D2EEAF /* Build configuration list for PBXProject "CollectionViews" */;
			compatibilityVersion = "Xcode 3.2";
			developmentRegion = English;
			hasScannedForEncodings = 0;
			knownRegions = (
				en,
				Base,
			);
			mainGroup = 28B284551D107F3D00D2EEAF;
			productRefGroup = 28B2845F1D107F3D00D2EEAF /* Products */;
			projectDirPath = "";
			projectRoot = "";
			targets = (
				28B2845D1D107F3D00D2EEAF /* CollectionViews */,
			);
		};
/* End PBXProject section */

/* Begin PBXResourcesBuildPhase section */
		28B2845C1D107F3D00D2EEAF /* Resources */ = {
			isa = PBXResourcesBuildPhase;
			buildActionMask = 2147483647;
			files = (
				28B2846C1D107F3D00D2EEAF /* LaunchScreen.storyboard in Resources */,
				28B284691D107F3D00D2EEAF /* Assets.xcassets in Resources */,
				28B284671D107F3D00D2EEAF /* Main.storyboard in Resources */,
			);
			runOnlyForDeploymentPostprocessing = 0;
		};
/* End PBXResourcesBuildPhase section */

/* Begin PBXSourcesBuildPhase section */
		28B2845A1D107F3D00D2EEAF /* Sources */ = {
			isa = PBXSourcesBuildPhase;
			buildActionMask = 2147483647;
			files = (
				28B284741D1080A200D2EEAF /* ImageCollectionViewController.swift in Sources */,
				28B284621D107F3D00D2EEAF /* AppDelegate.swift in Sources */,
				28B284761D10813100D2EEAF /* imageCollectionViewCell.swift in Sources */,
			);
			runOnlyForDeploymentPostprocessing = 0;
		};
/* End PBXSourcesBuildPhase section */

/* Begin PBXVariantGroup section */
		28B284651D107F3D00D2EEAF /* Main.storyboard */ = {
			isa = PBXVariantGroup;
			children = (
				28B284661D107F3D00D2EEAF /* Base */,
			);
			name = Main.storyboard;
			sourceTree = "<group>";
		};
		28B2846A1D107F3D00D2EEAF /* LaunchScreen.storyboard */ = {
			isa = PBXVariantGroup;
			children = (
				28B2846B1D107F3D00D2EEAF /* Base */,
			);
			name = LaunchScreen.storyboard;
			sourceTree = "<group>";
		};
/* End PBXVariantGroup section */

/* Begin XCBuildConfiguration section */
		28B2846E1D107F3D00D2EEAF /* Debug */ = {
			isa = XCBuildConfiguration;
			buildSettings = {
				ALWAYS_SEARCH_USER_PATHS = NO;
				CLANG_ANALYZER_NONNULL = YES;
				CLANG_CXX_LANGUAGE_STANDARD = "gnu++0x";
				CLANG_CXX_LIBRARY = "libc++";
				CLANG_ENABLE_MODULES = YES;
				CLANG_ENABLE_OBJC_ARC = YES;
				CLANG_WARN_BOOL_CONVERSION = YES;
				CLANG_WARN_CONSTANT_CONVERSION = YES;
				CLANG_WARN_DIRECT_OBJC_ISA_USAGE = YES_ERROR;
				CLANG_WARN_EMPTY_BODY = YES;
				CLANG_WARN_ENUM_CONVERSION = YES;
				CLANG_WARN_INT_CONVERSION = YES;
				CLANG_WARN_OBJC_ROOT_CLASS = YES_ERROR;
				CLANG_WARN_UNREACHABLE_CODE = YES;
				CLANG_WARN__DUPLICATE_METHOD_MATCH = YES;
				"CODE_SIGN_IDENTITY[sdk=iphoneos*]" = "iPhone Developer";
				COPY_PHASE_STRIP = NO;
				DEBUG_INFORMATION_FORMAT = dwarf;
				ENABLE_STRICT_OBJC_MSGSEND = YES;
				ENABLE_TESTABILITY = YES;
				GCC_C_LANGUAGE_STANDARD = gnu99;
				GCC_DYNAMIC_NO_PIC = NO;
				GCC_NO_COMMON_BLOCKS = YES;
				GCC_OPTIMIZATION_LEVEL = 0;
				GCC_PREPROCESSOR_DEFINITIONS = (
					"DEBUG=1",
					"$(inherited)",
				);
				GCC_WARN_64_TO_32_BIT_CONVERSION = YES;
				GCC_WARN_ABOUT_RETURN_TYPE = YES_ERROR;
				GCC_WARN_UNDECLARED_SELECTOR = YES;
				GCC_WARN_UNINITIALIZED_AUTOS = YES_AGGRESSIVE;
				GCC_WARN_UNUSED_FUNCTION = YES;
				GCC_WARN_UNUSED_VARIABLE = YES;
				IPHONEOS_DEPLOYMENT_TARGET = 9.3;
				MTL_ENABLE_DEBUG_INFO = YES;
				ONLY_ACTIVE_ARCH = YES;
				SDKROOT = iphoneos;
				SWIFT_OPTIMIZATION_LEVEL = "-Onone";
			};
			name = Debug;
		};
		28B2846F1D107F3D00D2EEAF /* Release */ = {
			isa = XCBuildConfiguration;
			buildSettings = {
				ALWAYS_SEARCH_USER_PATHS = NO;
				CLANG_ANALYZER_NONNULL = YES;
				CLANG_CXX_LANGUAGE_STANDARD = "gnu++0x";
				CLANG_CXX_LIBRARY = "libc++";
				CLANG_ENABLE_MODULES = YES;
				CLANG_ENABLE_OBJC_ARC = YES;
				CLANG_WARN_BOOL_CONVERSION = YES;
				CLANG_WARN_CONSTANT_CONVERSION = YES;
				CLANG_WARN_DIRECT_OBJC_ISA_USAGE = YES_ERROR;
				CLANG_WARN_EMPTY_BODY = YES;
				CLANG_WARN_ENUM_CONVERSION = YES;
				CLANG_WARN_INT_CONVERSION = YES;
				CLANG_WARN_OBJC_ROOT_CLASS = YES_ERROR;
				CLANG_WARN_UNREACHABLE_CODE = YES;
				CLANG_WARN__DUPLICATE_METHOD_MATCH = YES;
				"CODE_SIGN_IDENTITY[sdk=iphoneos*]" = "iPhone Developer";
				COPY_PHASE_STRIP = NO;
				DEBUG_INFORMATION_FORMAT = "dwarf-with-dsym";
				ENABLE_NS_ASSERTIONS = NO;
				ENABLE_STRICT_OBJC_MSGSEND = YES;
				GCC_C_LANGUAGE_STANDARD = gnu99;
				GCC_NO_COMMON_BLOCKS = YES;
				GCC_WARN_64_TO_32_BIT_CONVERSION = YES;
				GCC_WARN_ABOUT_RETURN_TYPE = YES_ERROR;
				GCC_WARN_UNDECLARED_SELECTOR = YES;
				GCC_WARN_UNINITIALIZED_AUTOS = YES_AGGRESSIVE;
				GCC_WARN_UNUSED_FUNCTION = YES;
				GCC_WARN_UNUSED_VARIABLE = YES;
				IPHONEOS_DEPLOYMENT_TARGET = 9.3;
				MTL_ENABLE_DEBUG_INFO = NO;
				SDKROOT = iphoneos;
				VALIDATE_PRODUCT = YES;
			};
			name = Release;
		};
		28B284711D107F3D00D2EEAF /* Debug */ = {
			isa = XCBuildConfiguration;
			buildSettings = {
				ASSETCATALOG_COMPILER_APPICON_NAME = AppIcon;
				INFOPLIST_FILE = CollectionViews/Info.plist;
				LD_RUNPATH_SEARCH_PATHS = "$(inherited) @executable_path/Frameworks";
				PRODUCT_BUNDLE_IDENTIFIER = com.habib.CollectionViews;
				PRODUCT_NAME = "$(TARGET_NAME)";
			};
			name = Debug;
		};
		28B284721D107F3D00D2EEAF /* Release */ = {
			isa = XCBuildConfiguration;
			buildSettings = {
				ASSETCATALOG_COMPILER_APPICON_NAME = AppIcon;
				INFOPLIST_FILE = CollectionViews/Info.plist;
				LD_RUNPATH_SEARCH_PATHS = "$(inherited) @executable_path/Frameworks";
				PRODUCT_BUNDLE_IDENTIFIER = com.habib.CollectionViews;
				PRODUCT_NAME = "$(TARGET_NAME)";
			};
			name = Release;
		};
/* End XCBuildConfiguration section */

/* Begin XCConfigurationList section */
		28B284591D107F3D00D2EEAF /* Build configuration list for PBXProject "CollectionViews" */ = {
			isa = XCConfigurationList;
			buildConfigurations = (
				28B2846E1D107F3D00D2EEAF /* Debug */,
				28B2846F1D107F3D00D2EEAF /* Release */,
			);
			defaultConfigurationIsVisible = 0;
			defaultConfigurationName = Release;
		};
		28B284701D107F3D00D2EEAF /* Build configuration list for PBXNativeTarget "CollectionViews" */ = {
			isa = XCConfigurationList;
			buildConfigurations = (
				28B284711D107F3D00D2EEAF /* Debug */,
				28B284721D107F3D00D2EEAF /* Release */,
			);
			defaultConfigurationIsVisible = 0;
		};
/* End XCConfigurationList section */
	};
	rootObject = 28B284561D107F3D00D2EEAF /* Project object */;
}
